// !$*UTF8*$!
{
	archiveVersion = 1;
	classes = {
	};
	objectVersion = 51;
	objects = {

/* Begin PBXBuildFile section */
		222F1FBB31DAEA8D33589A2A /* Pods_Test.framework in Frameworks */ = {isa = PBXBuildFile; fileRef = 9830C9502826ECB9A1CCD04C /* Pods_Test.framework */; };
		3969766823315E960003A692 /* AppDelegate.swift in Sources */ = {isa = PBXBuildFile; fileRef = 3969766723315E960003A692 /* AppDelegate.swift */; };
		3969766D23315E960003A692 /* Comics.storyboard in Resources */ = {isa = PBXBuildFile; fileRef = 3969766B23315E960003A692 /* Comics.storyboard */; };
		3969766F23315E980003A692 /* Assets.xcassets in Resources */ = {isa = PBXBuildFile; fileRef = 3969766E23315E980003A692 /* Assets.xcassets */; };
		3969767223315E980003A692 /* LaunchScreen.storyboard in Resources */ = {isa = PBXBuildFile; fileRef = 3969767023315E980003A692 /* LaunchScreen.storyboard */; };
		39E9664D2331885F00367637 /* MarvelRoute.swift in Sources */ = {isa = PBXBuildFile; fileRef = 39E9664C2331885F00367637 /* MarvelRoute.swift */; };
		39E9664F233189EE00367637 /* NetworkManager+Marvel.swift in Sources */ = {isa = PBXBuildFile; fileRef = 39E9664E233189EE00367637 /* NetworkManager+Marvel.swift */; };
		39E9665123318A7200367637 /* NetworkManager.swift in Sources */ = {isa = PBXBuildFile; fileRef = 39E9665023318A7100367637 /* NetworkManager.swift */; };
		39E9665323318C6100367637 /* CustomError.swift in Sources */ = {isa = PBXBuildFile; fileRef = 39E9665223318C6100367637 /* CustomError.swift */; };
		39E9665823318FFD00367637 /* Localizable.strings in Resources */ = {isa = PBXBuildFile; fileRef = 39E9665723318FFD00367637 /* Localizable.strings */; };
		39E9665B233190A100367637 /* Strings.swift in Sources */ = {isa = PBXBuildFile; fileRef = 39E96659233190A100367637 /* Strings.swift */; };
		39E9665C233190A100367637 /* Assets.swift in Sources */ = {isa = PBXBuildFile; fileRef = 39E9665A233190A100367637 /* Assets.swift */; };
		39E9665E2331910500367637 /* Scenes.swift in Sources */ = {isa = PBXBuildFile; fileRef = 39E9665D2331910500367637 /* Scenes.swift */; };
		39E96661233194FD00367637 /* String+Extensions.swift in Sources */ = {isa = PBXBuildFile; fileRef = 39E96660233194FD00367637 /* String+Extensions.swift */; };
		39E966642332826900367637 /* Comics.swift in Sources */ = {isa = PBXBuildFile; fileRef = 39E966632332826900367637 /* Comics.swift */; };
		39E966662332830200367637 /* Thumbnail.swift in Sources */ = {isa = PBXBuildFile; fileRef = 39E966652332830200367637 /* Thumbnail.swift */; };
		39E966682332830F00367637 /* CharactersInfo.swift in Sources */ = {isa = PBXBuildFile; fileRef = 39E966672332830F00367637 /* CharactersInfo.swift */; };
		39E9666A2332844700367637 /* Character.swift in Sources */ = {isa = PBXBuildFile; fileRef = 39E966692332844700367637 /* Character.swift */; };
		39E9666C23328A5700367637 /* MarvelDate.swift in Sources */ = {isa = PBXBuildFile; fileRef = 39E9666B23328A5700367637 /* MarvelDate.swift */; };
		39E9666E23328B6100367637 /* MarvelResponse.swift in Sources */ = {isa = PBXBuildFile; fileRef = 39E9666D23328B6100367637 /* MarvelResponse.swift */; };
		39E966712332BFF800367637 /* ComicsTableViewController.swift in Sources */ = {isa = PBXBuildFile; fileRef = 39E966702332BFF800367637 /* ComicsTableViewController.swift */; };
		39E966752332C2B000367637 /* ComicsTableViewCell.swift in Sources */ = {isa = PBXBuildFile; fileRef = 39E966732332C2B000367637 /* ComicsTableViewCell.swift */; };
		39E966762332C2B000367637 /* ComicsTableViewCell.xib in Resources */ = {isa = PBXBuildFile; fileRef = 39E966742332C2B000367637 /* ComicsTableViewCell.xib */; };
		39E966782332C79200367637 /* UITableViewCell+Extensions.swift in Sources */ = {isa = PBXBuildFile; fileRef = 39E966772332C79200367637 /* UITableViewCell+Extensions.swift */; };
		39E9667A2332C82E00367637 /* UITableView+Extensions.swift in Sources */ = {isa = PBXBuildFile; fileRef = 39E966792332C82E00367637 /* UITableView+Extensions.swift */; };
		39E9667C2332D31100367637 /* BaseViewController.swift in Sources */ = {isa = PBXBuildFile; fileRef = 39E9667B2332D31100367637 /* BaseViewController.swift */; };
/* End PBXBuildFile section */

/* Begin PBXFileReference section */
		3969766423315E960003A692 /* Test.app */ = {isa = PBXFileReference; explicitFileType = wrapper.application; includeInIndex = 0; path = Test.app; sourceTree = BUILT_PRODUCTS_DIR; };
		3969766723315E960003A692 /* AppDelegate.swift */ = {isa = PBXFileReference; lastKnownFileType = sourcecode.swift; path = AppDelegate.swift; sourceTree = "<group>"; };
		3969766C23315E960003A692 /* Base */ = {isa = PBXFileReference; lastKnownFileType = file.storyboard; name = Base; path = Base.lproj/Comics.storyboard; sourceTree = "<group>"; };
		3969766E23315E980003A692 /* Assets.xcassets */ = {isa = PBXFileReference; lastKnownFileType = folder.assetcatalog; path = Assets.xcassets; sourceTree = "<group>"; };
		3969767123315E980003A692 /* Base */ = {isa = PBXFileReference; lastKnownFileType = file.storyboard; name = Base; path = Base.lproj/LaunchScreen.storyboard; sourceTree = "<group>"; };
		3969767323315E980003A692 /* Info.plist */ = {isa = PBXFileReference; lastKnownFileType = text.plist.xml; path = Info.plist; sourceTree = "<group>"; };
		39E9664C2331885F00367637 /* MarvelRoute.swift */ = {isa = PBXFileReference; lastKnownFileType = sourcecode.swift; path = MarvelRoute.swift; sourceTree = "<group>"; };
		39E9664E233189EE00367637 /* NetworkManager+Marvel.swift */ = {isa = PBXFileReference; lastKnownFileType = sourcecode.swift; path = "NetworkManager+Marvel.swift"; sourceTree = "<group>"; };
		39E9665023318A7100367637 /* NetworkManager.swift */ = {isa = PBXFileReference; fileEncoding = 4; lastKnownFileType = sourcecode.swift; path = NetworkManager.swift; sourceTree = "<group>"; };
		39E9665223318C6100367637 /* CustomError.swift */ = {isa = PBXFileReference; fileEncoding = 4; lastKnownFileType = sourcecode.swift; path = CustomError.swift; sourceTree = "<group>"; };
		39E9665723318FFD00367637 /* Localizable.strings */ = {isa = PBXFileReference; lastKnownFileType = text.plist.strings; path = Localizable.strings; sourceTree = "<group>"; };
		39E96659233190A100367637 /* Strings.swift */ = {isa = PBXFileReference; fileEncoding = 4; lastKnownFileType = sourcecode.swift; path = Strings.swift; sourceTree = "<group>"; };
		39E9665A233190A100367637 /* Assets.swift */ = {isa = PBXFileReference; fileEncoding = 4; lastKnownFileType = sourcecode.swift; path = Assets.swift; sourceTree = "<group>"; };
		39E9665D2331910500367637 /* Scenes.swift */ = {isa = PBXFileReference; fileEncoding = 4; lastKnownFileType = sourcecode.swift; path = Scenes.swift; sourceTree = "<group>"; };
		39E96660233194FD00367637 /* String+Extensions.swift */ = {isa = PBXFileReference; lastKnownFileType = sourcecode.swift; path = "String+Extensions.swift"; sourceTree = "<group>"; };
		39E966632332826900367637 /* Comics.swift */ = {isa = PBXFileReference; lastKnownFileType = sourcecode.swift; path = Comics.swift; sourceTree = "<group>"; };
		39E966652332830200367637 /* Thumbnail.swift */ = {isa = PBXFileReference; lastKnownFileType = sourcecode.swift; path = Thumbnail.swift; sourceTree = "<group>"; };
		39E966672332830F00367637 /* CharactersInfo.swift */ = {isa = PBXFileReference; lastKnownFileType = sourcecode.swift; path = CharactersInfo.swift; sourceTree = "<group>"; };
		39E966692332844700367637 /* Character.swift */ = {isa = PBXFileReference; lastKnownFileType = sourcecode.swift; path = Character.swift; sourceTree = "<group>"; };
		39E9666B23328A5700367637 /* MarvelDate.swift */ = {isa = PBXFileReference; lastKnownFileType = sourcecode.swift; path = MarvelDate.swift; sourceTree = "<group>"; };
		39E9666D23328B6100367637 /* MarvelResponse.swift */ = {isa = PBXFileReference; lastKnownFileType = sourcecode.swift; path = MarvelResponse.swift; sourceTree = "<group>"; };
		39E966702332BFF800367637 /* ComicsTableViewController.swift */ = {isa = PBXFileReference; lastKnownFileType = sourcecode.swift; path = ComicsTableViewController.swift; sourceTree = "<group>"; };
		39E966732332C2B000367637 /* ComicsTableViewCell.swift */ = {isa = PBXFileReference; lastKnownFileType = sourcecode.swift; path = ComicsTableViewCell.swift; sourceTree = "<group>"; };
		39E966742332C2B000367637 /* ComicsTableViewCell.xib */ = {isa = PBXFileReference; lastKnownFileType = file.xib; path = ComicsTableViewCell.xib; sourceTree = "<group>"; };
		39E966772332C79200367637 /* UITableViewCell+Extensions.swift */ = {isa = PBXFileReference; lastKnownFileType = sourcecode.swift; path = "UITableViewCell+Extensions.swift"; sourceTree = "<group>"; };
		39E966792332C82E00367637 /* UITableView+Extensions.swift */ = {isa = PBXFileReference; lastKnownFileType = sourcecode.swift; path = "UITableView+Extensions.swift"; sourceTree = "<group>"; };
		39E9667B2332D31100367637 /* BaseViewController.swift */ = {isa = PBXFileReference; lastKnownFileType = sourcecode.swift; path = BaseViewController.swift; sourceTree = "<group>"; };
		9830C9502826ECB9A1CCD04C /* Pods_Test.framework */ = {isa = PBXFileReference; explicitFileType = wrapper.framework; includeInIndex = 0; path = Pods_Test.framework; sourceTree = BUILT_PRODUCTS_DIR; };
		CCD999B4AFE5D7C1D9F45236 /* Pods-Test.release.xcconfig */ = {isa = PBXFileReference; includeInIndex = 1; lastKnownFileType = text.xcconfig; name = "Pods-Test.release.xcconfig"; path = "Target Support Files/Pods-Test/Pods-Test.release.xcconfig"; sourceTree = "<group>"; };
		DEC6A0A43C92A33D99FDF960 /* Pods-Test.debug.xcconfig */ = {isa = PBXFileReference; includeInIndex = 1; lastKnownFileType = text.xcconfig; name = "Pods-Test.debug.xcconfig"; path = "Target Support Files/Pods-Test/Pods-Test.debug.xcconfig"; sourceTree = "<group>"; };
/* End PBXFileReference section */

/* Begin PBXFrameworksBuildPhase section */
		3969766123315E960003A692 /* Frameworks */ = {
			isa = PBXFrameworksBuildPhase;
			buildActionMask = 2147483647;
			files = (
				222F1FBB31DAEA8D33589A2A /* Pods_Test.framework in Frameworks */,
			);
			runOnlyForDeploymentPostprocessing = 0;
		};
/* End PBXFrameworksBuildPhase section */

/* Begin PBXGroup section */
		3927124C2331841C00B1574D /* Helpers */ = {
			isa = PBXGroup;
			children = (
				3927124D2331842300B1574D /* Managers */,
				39E9665223318C6100367637 /* CustomError.swift */,
				39E9667B2332D31100367637 /* BaseViewController.swift */,
			);
			path = Helpers;
			sourceTree = "<group>";
		};
		3927124D2331842300B1574D /* Managers */ = {
			isa = PBXGroup;
			children = (
				39E9665023318A7100367637 /* NetworkManager.swift */,
			);
			path = Managers;
			sourceTree = "<group>";
		};
		39271250233187C700B1574D /* API */ = {
			isa = PBXGroup;
			children = (
				39E9664B233187E600367637 /* Comics */,
			);
			path = API;
			sourceTree = "<group>";
		};
		3969765B23315E960003A692 = {
			isa = PBXGroup;
			children = (
				3969766623315E960003A692 /* Test */,
				3969766523315E960003A692 /* Products */,
				F398E6F84FFDDB7C9FEABEDB /* Pods */,
				84AB1F23092257130AD26146 /* Frameworks */,
			);
			sourceTree = "<group>";
		};
		3969766523315E960003A692 /* Products */ = {
			isa = PBXGroup;
			children = (
				3969766423315E960003A692 /* Test.app */,
			);
			name = Products;
			sourceTree = "<group>";
		};
		3969766623315E960003A692 /* Test */ = {
			isa = PBXGroup;
			children = (
				39E9666F2332BF6100367637 /* UI */,
				39E966622332825600367637 /* Models */,
				39E9665F233194E400367637 /* Extensions */,
				39E9665523318FC900367637 /* Resources */,
				39271250233187C700B1574D /* API */,
				3927124C2331841C00B1574D /* Helpers */,
				3969766723315E960003A692 /* AppDelegate.swift */,
				3969767023315E980003A692 /* LaunchScreen.storyboard */,
				3969767323315E980003A692 /* Info.plist */,
			);
			path = Test;
			sourceTree = "<group>";
		};
		39E9664B233187E600367637 /* Comics */ = {
			isa = PBXGroup;
			children = (
				39E9664C2331885F00367637 /* MarvelRoute.swift */,
				39E9664E233189EE00367637 /* NetworkManager+Marvel.swift */,
			);
			path = Comics;
			sourceTree = "<group>";
		};
		39E9665523318FC900367637 /* Resources */ = {
			isa = PBXGroup;
			children = (
				39E9665623318FE100367637 /* Helpers */,
				3969766E23315E980003A692 /* Assets.xcassets */,
				39E9665723318FFD00367637 /* Localizable.strings */,
			);
			path = Resources;
			sourceTree = "<group>";
		};
		39E9665623318FE100367637 /* Helpers */ = {
			isa = PBXGroup;
			children = (
				39E9665D2331910500367637 /* Scenes.swift */,
				39E9665A233190A100367637 /* Assets.swift */,
				39E96659233190A100367637 /* Strings.swift */,
			);
			path = Helpers;
			sourceTree = "<group>";
		};
		39E9665F233194E400367637 /* Extensions */ = {
			isa = PBXGroup;
			children = (
				39E96660233194FD00367637 /* String+Extensions.swift */,
				39E966772332C79200367637 /* UITableViewCell+Extensions.swift */,
				39E966792332C82E00367637 /* UITableView+Extensions.swift */,
			);
			path = Extensions;
			sourceTree = "<group>";
		};
		39E966622332825600367637 /* Models */ = {
			isa = PBXGroup;
			children = (
				39E966632332826900367637 /* Comics.swift */,
				39E966692332844700367637 /* Character.swift */,
				39E966652332830200367637 /* Thumbnail.swift */,
				39E966672332830F00367637 /* CharactersInfo.swift */,
				39E9666B23328A5700367637 /* MarvelDate.swift */,
				39E9666D23328B6100367637 /* MarvelResponse.swift */,
			);
			path = Models;
			sourceTree = "<group>";
		};
		39E9666F2332BF6100367637 /* UI */ = {
			isa = PBXGroup;
			children = (
				39E966722332C28E00367637 /* Cell */,
				3969766B23315E960003A692 /* Comics.storyboard */,
				39E966702332BFF800367637 /* ComicsTableViewController.swift */,
			);
			path = UI;
			sourceTree = "<group>";
		};
		39E966722332C28E00367637 /* Cell */ = {
			isa = PBXGroup;
			children = (
				39E966732332C2B000367637 /* ComicsTableViewCell.swift */,
				39E966742332C2B000367637 /* ComicsTableViewCell.xib */,
			);
			path = Cell;
			sourceTree = "<group>";
		};
		84AB1F23092257130AD26146 /* Frameworks */ = {
			isa = PBXGroup;
			children = (
				9830C9502826ECB9A1CCD04C /* Pods_Test.framework */,
			);
			name = Frameworks;
			sourceTree = "<group>";
		};
		F398E6F84FFDDB7C9FEABEDB /* Pods */ = {
			isa = PBXGroup;
			children = (
				DEC6A0A43C92A33D99FDF960 /* Pods-Test.debug.xcconfig */,
				CCD999B4AFE5D7C1D9F45236 /* Pods-Test.release.xcconfig */,
			);
			path = Pods;
			sourceTree = "<group>";
		};
/* End PBXGroup section */

/* Begin PBXNativeTarget section */
		3969766323315E960003A692 /* Test */ = {
			isa = PBXNativeTarget;
			buildConfigurationList = 3969767623315E980003A692 /* Build configuration list for PBXNativeTarget "Test" */;
			buildPhases = (
				83FA2CA1850B18FBC2D7E591 /* [CP] Check Pods Manifest.lock */,
				392712472331787900B1574D /* SwiftLint */,
				39E9665423318F8200367637 /* SwiftGen */,
				3969766023315E960003A692 /* Sources */,
				3969766123315E960003A692 /* Frameworks */,
				3969766223315E960003A692 /* Resources */,
				8B97CD0AE33CE517A76C778D /* [CP] Embed Pods Frameworks */,
			);
			buildRules = (
			);
			dependencies = (
			);
			name = Test;
			productName = Test;
			productReference = 3969766423315E960003A692 /* Test.app */;
			productType = "com.apple.product-type.application";
		};
/* End PBXNativeTarget section */

/* Begin PBXProject section */
		3969765C23315E960003A692 /* Project object */ = {
			isa = PBXProject;
			attributes = {
				LastSwiftUpdateCheck = 1030;
				LastUpgradeCheck = 1030;
				TargetAttributes = {
					3969766323315E960003A692 = {
						CreatedOnToolsVersion = 10.3;
					};
				};
			};
			buildConfigurationList = 3969765F23315E960003A692 /* Build configuration list for PBXProject "Test" */;
			compatibilityVersion = "Xcode 9.3";
			developmentRegion = en;
			hasScannedForEncodings = 0;
			knownRegions = (
				en,
				Base,
			);
			mainGroup = 3969765B23315E960003A692;
			productRefGroup = 3969766523315E960003A692 /* Products */;
			projectDirPath = "";
			projectRoot = "";
			targets = (
				3969766323315E960003A692 /* Test */,
			);
		};
/* End PBXProject section */

/* Begin PBXResourcesBuildPhase section */
		3969766223315E960003A692 /* Resources */ = {
			isa = PBXResourcesBuildPhase;
			buildActionMask = 2147483647;
			files = (
				3969767223315E980003A692 /* LaunchScreen.storyboard in Resources */,
				39E9665823318FFD00367637 /* Localizable.strings in Resources */,
				3969766F23315E980003A692 /* Assets.xcassets in Resources */,
				3969766D23315E960003A692 /* Comics.storyboard in Resources */,
				39E966762332C2B000367637 /* ComicsTableViewCell.xib in Resources */,
			);
			runOnlyForDeploymentPostprocessing = 0;
		};
/* End PBXResourcesBuildPhase section */

/* Begin PBXShellScriptBuildPhase section */
		392712472331787900B1574D /* SwiftLint */ = {
			isa = PBXShellScriptBuildPhase;
			buildActionMask = 2147483647;
			files = (
			);
			inputFileListPaths = (
			);
			inputPaths = (
			);
			name = SwiftLint;
			outputFileListPaths = (
			);
			outputPaths = (
			);
			runOnlyForDeploymentPostprocessing = 0;
			shellPath = /bin/sh;
			shellScript = "\"${PODS_ROOT}/SwiftLint/swiftlint\"\n";
		};
		39E9665423318F8200367637 /* SwiftGen */ = {
			isa = PBXShellScriptBuildPhase;
			buildActionMask = 2147483647;
			files = (
			);
			inputFileListPaths = (
			);
			inputPaths = (
			);
			name = SwiftGen;
			outputFileListPaths = (
			);
			outputPaths = (
			);
			runOnlyForDeploymentPostprocessing = 0;
			shellPath = /bin/sh;
			shellScript = "\"$SRCROOT\"/PrebuildScripts/SwiftGen/runswiftgen.sh \"$SRCROOT\" \"$PODS_ROOT\"\n";
		};
		83FA2CA1850B18FBC2D7E591 /* [CP] Check Pods Manifest.lock */ = {
			isa = PBXShellScriptBuildPhase;
			buildActionMask = 2147483647;
			files = (
			);
			inputFileListPaths = (
			);
			inputPaths = (
				"${PODS_PODFILE_DIR_PATH}/Podfile.lock",
				"${PODS_ROOT}/Manifest.lock",
			);
			name = "[CP] Check Pods Manifest.lock";
			outputFileListPaths = (
			);
			outputPaths = (
				"$(DERIVED_FILE_DIR)/Pods-Test-checkManifestLockResult.txt",
			);
			runOnlyForDeploymentPostprocessing = 0;
			shellPath = /bin/sh;
			shellScript = "diff \"${PODS_PODFILE_DIR_PATH}/Podfile.lock\" \"${PODS_ROOT}/Manifest.lock\" > /dev/null\nif [ $? != 0 ] ; then\n    # print error to STDERR\n    echo \"error: The sandbox is not in sync with the Podfile.lock. Run 'pod install' or update your CocoaPods installation.\" >&2\n    exit 1\nfi\n# This output is used by Xcode 'outputs' to avoid re-running this script phase.\necho \"SUCCESS\" > \"${SCRIPT_OUTPUT_FILE_0}\"\n";
			showEnvVarsInLog = 0;
		};
		8B97CD0AE33CE517A76C778D /* [CP] Embed Pods Frameworks */ = {
			isa = PBXShellScriptBuildPhase;
			buildActionMask = 2147483647;
			files = (
			);
			inputFileListPaths = (
				"${PODS_ROOT}/Target Support Files/Pods-Test/Pods-Test-frameworks-${CONFIGURATION}-input-files.xcfilelist",
			);
			name = "[CP] Embed Pods Frameworks";
			outputFileListPaths = (
				"${PODS_ROOT}/Target Support Files/Pods-Test/Pods-Test-frameworks-${CONFIGURATION}-output-files.xcfilelist",
			);
			runOnlyForDeploymentPostprocessing = 0;
			shellPath = /bin/sh;
			shellScript = "\"${PODS_ROOT}/Target Support Files/Pods-Test/Pods-Test-frameworks.sh\"\n";
			showEnvVarsInLog = 0;
		};
/* End PBXShellScriptBuildPhase section */

/* Begin PBXSourcesBuildPhase section */
		3969766023315E960003A692 /* Sources */ = {
			isa = PBXSourcesBuildPhase;
			buildActionMask = 2147483647;
			files = (
				39E96661233194FD00367637 /* String+Extensions.swift in Sources */,
				39E9666C23328A5700367637 /* MarvelDate.swift in Sources */,
				39E9664F233189EE00367637 /* NetworkManager+Marvel.swift in Sources */,
				39E966662332830200367637 /* Thumbnail.swift in Sources */,
				39E9664D2331885F00367637 /* MarvelRoute.swift in Sources */,
				39E9667C2332D31100367637 /* BaseViewController.swift in Sources */,
				39E9666E23328B6100367637 /* MarvelResponse.swift in Sources */,
				39E9665123318A7200367637 /* NetworkManager.swift in Sources */,
				39E9665B233190A100367637 /* Strings.swift in Sources */,
				39E966782332C79200367637 /* UITableViewCell+Extensions.swift in Sources */,
				39E9665E2331910500367637 /* Scenes.swift in Sources */,
				39E966642332826900367637 /* Comics.swift in Sources */,
				39E9666A2332844700367637 /* Character.swift in Sources */,
				39E9665C233190A100367637 /* Assets.swift in Sources */,
				39E966682332830F00367637 /* CharactersInfo.swift in Sources */,
				39E9667A2332C82E00367637 /* UITableView+Extensions.swift in Sources */,
				39E966712332BFF800367637 /* ComicsTableViewController.swift in Sources */,
				39E966752332C2B000367637 /* ComicsTableViewCell.swift in Sources */,
				3969766823315E960003A692 /* AppDelegate.swift in Sources */,
				39E9665323318C6100367637 /* CustomError.swift in Sources */,
			);
			runOnlyForDeploymentPostprocessing = 0;
		};
/* End PBXSourcesBuildPhase section */

/* Begin PBXVariantGroup section */
		3969766B23315E960003A692 /* Comics.storyboard */ = {
			isa = PBXVariantGroup;
			children = (
				3969766C23315E960003A692 /* Base */,
			);
			name = Comics.storyboard;
			sourceTree = "<group>";
		};
		3969767023315E980003A692 /* LaunchScreen.storyboard */ = {
			isa = PBXVariantGroup;
			children = (
				3969767123315E980003A692 /* Base */,
			);
			name = LaunchScreen.storyboard;
			sourceTree = "<group>";
		};
/* End PBXVariantGroup section */

/* Begin XCBuildConfiguration section */
		3969767423315E980003A692 /* Debug */ = {
			isa = XCBuildConfiguration;
			buildSettings = {
				ALWAYS_SEARCH_USER_PATHS = NO;
				CLANG_ANALYZER_NONNULL = YES;
				CLANG_ANALYZER_NUMBER_OBJECT_CONVERSION = YES_AGGRESSIVE;
				CLANG_CXX_LANGUAGE_STANDARD = "gnu++14";
				CLANG_CXX_LIBRARY = "libc++";
				CLANG_ENABLE_MODULES = YES;
				CLANG_ENABLE_OBJC_ARC = YES;
				CLANG_ENABLE_OBJC_WEAK = YES;
				CLANG_WARN_BLOCK_CAPTURE_AUTORELEASING = YES;
				CLANG_WARN_BOOL_CONVERSION = YES;
				CLANG_WARN_COMMA = YES;
				CLANG_WARN_CONSTANT_CONVERSION = YES;
				CLANG_WARN_DEPRECATED_OBJC_IMPLEMENTATIONS = YES;
				CLANG_WARN_DIRECT_OBJC_ISA_USAGE = YES_ERROR;
				CLANG_WARN_DOCUMENTATION_COMMENTS = YES;
				CLANG_WARN_EMPTY_BODY = YES;
				CLANG_WARN_ENUM_CONVERSION = YES;
				CLANG_WARN_INFINITE_RECURSION = YES;
				CLANG_WARN_INT_CONVERSION = YES;
				CLANG_WARN_NON_LITERAL_NULL_CONVERSION = YES;
				CLANG_WARN_OBJC_IMPLICIT_RETAIN_SELF = YES;
				CLANG_WARN_OBJC_LITERAL_CONVERSION = YES;
				CLANG_WARN_OBJC_ROOT_CLASS = YES_ERROR;
				CLANG_WARN_RANGE_LOOP_ANALYSIS = YES;
				CLANG_WARN_STRICT_PROTOTYPES = YES;
				CLANG_WARN_SUSPICIOUS_MOVE = YES;
				CLANG_WARN_UNGUARDED_AVAILABILITY = YES_AGGRESSIVE;
				CLANG_WARN_UNREACHABLE_CODE = YES;
				CLANG_WARN__DUPLICATE_METHOD_MATCH = YES;
				CODE_SIGN_IDENTITY = "iPhone Developer";
				COPY_PHASE_STRIP = NO;
				DEBUG_INFORMATION_FORMAT = dwarf;
				ENABLE_STRICT_OBJC_MSGSEND = YES;
				ENABLE_TESTABILITY = YES;
				GCC_C_LANGUAGE_STANDARD = gnu11;
				GCC_DYNAMIC_NO_PIC = NO;
				GCC_NO_COMMON_BLOCKS = YES;
				GCC_OPTIMIZATION_LEVEL = 0;
				GCC_PREPROCESSOR_DEFINITIONS = (
					"DEBUG=1",
					"$(inherited)",
				);
				GCC_WARN_64_TO_32_BIT_CONVERSION = YES;
				GCC_WARN_ABOUT_RETURN_TYPE = YES_ERROR;
				GCC_WARN_UNDECLARED_SELECTOR = YES;
				GCC_WARN_UNINITIALIZED_AUTOS = YES_AGGRESSIVE;
				GCC_WARN_UNUSED_FUNCTION = YES;
				GCC_WARN_UNUSED_VARIABLE = YES;
				IPHONEOS_DEPLOYMENT_TARGET = 12.4;
				MTL_ENABLE_DEBUG_INFO = INCLUDE_SOURCE;
				MTL_FAST_MATH = YES;
				ONLY_ACTIVE_ARCH = YES;
				SDKROOT = iphoneos;
				SWIFT_ACTIVE_COMPILATION_CONDITIONS = DEBUG;
				SWIFT_OPTIMIZATION_LEVEL = "-Onone";
			};
			name = Debug;
		};
		3969767523315E980003A692 /* Release */ = {
			isa = XCBuildConfiguration;
			buildSettings = {
				ALWAYS_SEARCH_USER_PATHS = NO;
				CLANG_ANALYZER_NONNULL = YES;
				CLANG_ANALYZER_NUMBER_OBJECT_CONVERSION = YES_AGGRESSIVE;
				CLANG_CXX_LANGUAGE_STANDARD = "gnu++14";
				CLANG_CXX_LIBRARY = "libc++";
				CLANG_ENABLE_MODULES = YES;
				CLANG_ENABLE_OBJC_ARC = YES;
				CLANG_ENABLE_OBJC_WEAK = YES;
				CLANG_WARN_BLOCK_CAPTURE_AUTORELEASING = YES;
				CLANG_WARN_BOOL_CONVERSION = YES;
				CLANG_WARN_COMMA = YES;
				CLANG_WARN_CONSTANT_CONVERSION = YES;
				CLANG_WARN_DEPRECATED_OBJC_IMPLEMENTATIONS = YES;
				CLANG_WARN_DIRECT_OBJC_ISA_USAGE = YES_ERROR;
				CLANG_WARN_DOCUMENTATION_COMMENTS = YES;
				CLANG_WARN_EMPTY_BODY = YES;
				CLANG_WARN_ENUM_CONVERSION = YES;
				CLANG_WARN_INFINITE_RECURSION = YES;
				CLANG_WARN_INT_CONVERSION = YES;
				CLANG_WARN_NON_LITERAL_NULL_CONVERSION = YES;
				CLANG_WARN_OBJC_IMPLICIT_RETAIN_SELF = YES;
				CLANG_WARN_OBJC_LITERAL_CONVERSION = YES;
				CLANG_WARN_OBJC_ROOT_CLASS = YES_ERROR;
				CLANG_WARN_RANGE_LOOP_ANALYSIS = YES;
				CLANG_WARN_STRICT_PROTOTYPES = YES;
				CLANG_WARN_SUSPICIOUS_MOVE = YES;
				CLANG_WARN_UNGUARDED_AVAILABILITY = YES_AGGRESSIVE;
				CLANG_WARN_UNREACHABLE_CODE = YES;
				CLANG_WARN__DUPLICATE_METHOD_MATCH = YES;
				CODE_SIGN_IDENTITY = "iPhone Developer";
				COPY_PHASE_STRIP = NO;
				DEBUG_INFORMATION_FORMAT = "dwarf-with-dsym";
				ENABLE_NS_ASSERTIONS = NO;
				ENABLE_STRICT_OBJC_MSGSEND = YES;
				GCC_C_LANGUAGE_STANDARD = gnu11;
				GCC_NO_COMMON_BLOCKS = YES;
				GCC_WARN_64_TO_32_BIT_CONVERSION = YES;
				GCC_WARN_ABOUT_RETURN_TYPE = YES_ERROR;
				GCC_WARN_UNDECLARED_SELECTOR = YES;
				GCC_WARN_UNINITIALIZED_AUTOS = YES_AGGRESSIVE;
				GCC_WARN_UNUSED_FUNCTION = YES;
				GCC_WARN_UNUSED_VARIABLE = YES;
				IPHONEOS_DEPLOYMENT_TARGET = 12.4;
				MTL_ENABLE_DEBUG_INFO = NO;
				MTL_FAST_MATH = YES;
				SDKROOT = iphoneos;
				SWIFT_COMPILATION_MODE = wholemodule;
				SWIFT_OPTIMIZATION_LEVEL = "-O";
				VALIDATE_PRODUCT = YES;
			};
			name = Release;
		};
		3969767723315E980003A692 /* Debug */ = {
			isa = XCBuildConfiguration;
			baseConfigurationReference = DEC6A0A43C92A33D99FDF960 /* Pods-Test.debug.xcconfig */;
			buildSettings = {
				ASSETCATALOG_COMPILER_APPICON_NAME = AppIcon;
				CODE_SIGN_STYLE = Automatic;
				INFOPLIST_FILE = Test/Info.plist;
				IPHONEOS_DEPLOYMENT_TARGET = 12.0;
				LD_RUNPATH_SEARCH_PATHS = (
					"$(inherited)",
					"@executable_path/Frameworks",
				);
				PRODUCT_BUNDLE_IDENTIFIER = gasanov.Test;
				PRODUCT_NAME = "$(TARGET_NAME)";
				SWIFT_VERSION = 5.0;
				TARGETED_DEVICE_FAMILY = "1,2";
			};
			name = Debug;
		};
		3969767823315E980003A692 /* Release */ = {
			isa = XCBuildConfiguration;
			baseConfigurationReference = CCD999B4AFE5D7C1D9F45236 /* Pods-Test.release.xcconfig */;
			buildSettings = {
				ASSETCATALOG_COMPILER_APPICON_NAME = AppIcon;
				CODE_SIGN_STYLE = Automatic;
				INFOPLIST_FILE = Test/Info.plist;
				IPHONEOS_DEPLOYMENT_TARGET = 12.0;
				LD_RUNPATH_SEARCH_PATHS = (
					"$(inherited)",
					"@executable_path/Frameworks",
				);
				PRODUCT_BUNDLE_IDENTIFIER = gasanov.Test;
				PRODUCT_NAME = "$(TARGET_NAME)";
				SWIFT_VERSION = 5.0;
				TARGETED_DEVICE_FAMILY = "1,2";
			};
			name = Release;
		};
/* End XCBuildConfiguration section */

/* Begin XCConfigurationList section */
		3969765F23315E960003A692 /* Build configuration list for PBXProject "Test" */ = {
			isa = XCConfigurationList;
			buildConfigurations = (
				3969767423315E980003A692 /* Debug */,
				3969767523315E980003A692 /* Release */,
			);
			defaultConfigurationIsVisible = 0;
			defaultConfigurationName = Release;
		};
		3969767623315E980003A692 /* Build configuration list for PBXNativeTarget "Test" */ = {
			isa = XCConfigurationList;
			buildConfigurations = (
				3969767723315E980003A692 /* Debug */,
				3969767823315E980003A692 /* Release */,
			);
			defaultConfigurationIsVisible = 0;
			defaultConfigurationName = Release;
		};
/* End XCConfigurationList section */
	};
	rootObject = 3969765C23315E960003A692 /* Project object */;
}
